# This file is autogenerated, do not edit; changes may be undone by the next 'dep ensure'.


[[projects]]
  digest = "1:1401f85b97c5cb4807f3f84a616d9be14d6915780b9821c41a40347e9562dda5"
  name = "github.com/docker/docker"
  packages = ["pkg/reexec"]
  pruneopts = "UT"
  revision = "092cba3727bb9b4a2f0e922cd6c0f93ea270e363"
  version = "v1.13.1"

[solve-meta]
  analyzer-name = "dep"
  analyzer-version = 1
  input-imports = ["github.com/docker/docker/pkg/reexec"]
  solver-name = "gps-cdcl"
  solver-version = 1
